<?xml version="1.0" encoding="UTF-8" standalone="yes" ?>
<CodeBlocks_project_file>
   <FileVersion major="1" minor="6" />
   <Project>
      <Option title="csg" />
      <Option makefile_is_custom="1" />
      <Option compiler="gcc" />
      <Option virtualFolders="CMake Files\;CMake Files\InterfaceCSG\;CMake Files\..\;CMake Files\..\..\;CMake Files\..\..\..\;CMake Files\..\..\..\..\;CMake Files\..\..\..\..\..\;CMake Files\..\..\..\..\..\..\;CMake Files\..\..\..\..\..\..\usr\;CMake Files\..\..\..\..\..\..\usr\lib\;CMake Files\..\..\..\..\..\..\usr\lib\x86_64-linux-gnu\;CMake Files\..\..\..\..\..\..\usr\lib\x86_64-linux-gnu\cmake\;CMake Files\..\..\..\..\..\..\usr\lib\x86_64-linux-gnu\cmake\Qt5Widgets\;CMake Files\..\..\..\..\..\..\usr\lib\x86_64-linux-gnu\cmake\Qt5Gui\;CMake Files\..\..\..\..\..\..\usr\lib\x86_64-linux-gnu\cmake\Qt5Core\;CMake Files\..\..\..\..\..\..\usr\lib\x86_64-linux-gnu\cmake\Qt5OpenGL\;CMake Files\vectorMatrix\;CMake Files\vectorMatrix\tests\;CMake Files\csg\;" />
      <Build>
      <Target title="all">
         <Option working_dir="/adhome/q/qw/q.wendling/Projet_CPOA/ProjCPOA_Init-build/csg" />
         <Option type="4" />
         <MakeCommands>
            <Build command="/usr/bin/make -f &quot;/adhome/q/qw/q.wendling/Projet_CPOA/ProjCPOA_Init-build/csg/Makefile&quot;  VERBOSE=1 all" />
            <CompileFile command="/usr/bin/make -f &quot;/adhome/q/qw/q.wendling/Projet_CPOA/ProjCPOA_Init-build/csg/Makefile&quot;  VERBOSE=1 &quot;$file&quot;" />
            <Clean command="/usr/bin/make -f &quot;/adhome/q/qw/q.wendling/Projet_CPOA/ProjCPOA_Init-build/csg/Makefile&quot;  VERBOSE=1 clean" />
            <DistClean command="/usr/bin/make -f &quot;/adhome/q/qw/q.wendling/Projet_CPOA/ProjCPOA_Init-build/csg/Makefile&quot;  VERBOSE=1 clean" />
         </MakeCommands>
      </Target>
      <Target title="main">
         <Option output="/adhome/q/qw/q.wendling/Projet_CPOA/ProjCPOA_Init-build/csg/main" prefix_auto="0" extension_auto="0" />
         <Option working_dir="/adhome/q/qw/q.wendling/Projet_CPOA/ProjCPOA_Init-build/csg" />
         <Option object_output="./" />
         <Option type="1" />
         <Option compiler="gcc" />
         <Compiler>
            <Add directory="/adhome/q/qw/q.wendling/Projet_CPOA/ProjCPOA_Init/csg" />
            <Add directory="/usr/include" />
            <Add directory="/usr/include/c++/5" />
            <Add directory="/usr/include/c++/5/backward" />
            <Add directory="/usr/include/x86_64-linux-gnu" />
            <Add directory="/usr/include/x86_64-linux-gnu/c++/5" />
            <Add directory="/usr/lib/gcc/x86_64-linux-gnu/5/include" />
            <Add directory="/usr/lib/gcc/x86_64-linux-gnu/5/include-fixed" />
            <Add directory="/usr/local/include" />
         </Compiler>
         <MakeCommands>
            <Build command="/usr/bin/make -f &quot;/adhome/q/qw/q.wendling/Projet_CPOA/ProjCPOA_Init-build/csg/Makefile&quot;  VERBOSE=1 main" />
            <CompileFile command="/usr/bin/make -f &quot;/adhome/q/qw/q.wendling/Projet_CPOA/ProjCPOA_Init-build/csg/Makefile&quot;  VERBOSE=1 &quot;$file&quot;" />
            <Clean command="/usr/bin/make -f &quot;/adhome/q/qw/q.wendling/Projet_CPOA/ProjCPOA_Init-build/csg/Makefile&quot;  VERBOSE=1 clean" />
            <DistClean command="/usr/bin/make -f &quot;/adhome/q/qw/q.wendling/Projet_CPOA/ProjCPOA_Init-build/csg/Makefile&quot;  VERBOSE=1 clean" />
         </MakeCommands>
      </Target>
      <Target title="main/fast">
         <Option output="/adhome/q/qw/q.wendling/Projet_CPOA/ProjCPOA_Init-build/csg/main" prefix_auto="0" extension_auto="0" />
         <Option working_dir="/adhome/q/qw/q.wendling/Projet_CPOA/ProjCPOA_Init-build/csg" />
         <Option object_output="./" />
         <Option type="1" />
         <Option compiler="gcc" />
         <Compiler>
            <Add directory="/adhome/q/qw/q.wendling/Projet_CPOA/ProjCPOA_Init/csg" />
            <Add directory="/usr/include" />
            <Add directory="/usr/include/c++/5" />
            <Add directory="/usr/include/c++/5/backward" />
            <Add directory="/usr/include/x86_64-linux-gnu" />
            <Add directory="/usr/include/x86_64-linux-gnu/c++/5" />
            <Add directory="/usr/lib/gcc/x86_64-linux-gnu/5/include" />
            <Add directory="/usr/lib/gcc/x86_64-linux-gnu/5/include-fixed" />
            <Add directory="/usr/local/include" />
         </Compiler>
         <MakeCommands>
            <Build command="/usr/bin/make -f &quot;/adhome/q/qw/q.wendling/Projet_CPOA/ProjCPOA_Init-build/csg/Makefile&quot;  VERBOSE=1 main/fast" />
            <CompileFile command="/usr/bin/make -f &quot;/adhome/q/qw/q.wendling/Projet_CPOA/ProjCPOA_Init-build/csg/Makefile&quot;  VERBOSE=1 &quot;$file&quot;" />
            <Clean command="/usr/bin/make -f &quot;/adhome/q/qw/q.wendling/Projet_CPOA/ProjCPOA_Init-build/csg/Makefile&quot;  VERBOSE=1 clean" />
            <DistClean command="/usr/bin/make -f &quot;/adhome/q/qw/q.wendling/Projet_CPOA/ProjCPOA_Init-build/csg/Makefile&quot;  VERBOSE=1 clean" />
         </MakeCommands>
      </Target>
      <Target title="csg">
         <Option output="/adhome/q/qw/q.wendling/Projet_CPOA/ProjCPOA_Init-build/csg/libcsg.a" prefix_auto="0" extension_auto="0" />
         <Option working_dir="/adhome/q/qw/q.wendling/Projet_CPOA/ProjCPOA_Init-build/csg" />
         <Option object_output="./" />
         <Option type="2" />
         <Option compiler="gcc" />
         <Compiler>
            <Add directory="/adhome/q/qw/q.wendling/Projet_CPOA/ProjCPOA_Init/csg" />
            <Add directory="/adhome/q/qw/q.wendling/Projet_CPOA/ProjCPOA_Init/csg/../image" />
            <Add directory="/adhome/q/qw/q.wendling/Projet_CPOA/ProjCPOA_Init/csg/../vectorMatrix" />
            <Add directory="/usr/include" />
            <Add directory="/usr/include/c++/5" />
            <Add directory="/usr/include/c++/5/backward" />
            <Add directory="/usr/include/x86_64-linux-gnu" />
            <Add directory="/usr/include/x86_64-linux-gnu/c++/5" />
            <Add directory="/usr/lib/gcc/x86_64-linux-gnu/5/include" />
            <Add directory="/usr/lib/gcc/x86_64-linux-gnu/5/include-fixed" />
            <Add directory="/usr/local/include" />
         </Compiler>
         <MakeCommands>
            <Build command="/usr/bin/make -f &quot;/adhome/q/qw/q.wendling/Projet_CPOA/ProjCPOA_Init-build/csg/Makefile&quot;  VERBOSE=1 csg" />
            <CompileFile command="/usr/bin/make -f &quot;/adhome/q/qw/q.wendling/Projet_CPOA/ProjCPOA_Init-build/csg/Makefile&quot;  VERBOSE=1 &quot;$file&quot;" />
            <Clean command="/usr/bin/make -f &quot;/adhome/q/qw/q.wendling/Projet_CPOA/ProjCPOA_Init-build/csg/Makefile&quot;  VERBOSE=1 clean" />
            <DistClean command="/usr/bin/make -f &quot;/adhome/q/qw/q.wendling/Projet_CPOA/ProjCPOA_Init-build/csg/Makefile&quot;  VERBOSE=1 clean" />
         </MakeCommands>
      </Target>
      <Target title="csg/fast">
         <Option output="/adhome/q/qw/q.wendling/Projet_CPOA/ProjCPOA_Init-build/csg/libcsg.a" prefix_auto="0" extension_auto="0" />
         <Option working_dir="/adhome/q/qw/q.wendling/Projet_CPOA/ProjCPOA_Init-build/csg" />
         <Option object_output="./" />
         <Option type="2" />
         <Option compiler="gcc" />
         <Compiler>
            <Add directory="/adhome/q/qw/q.wendling/Projet_CPOA/ProjCPOA_Init/csg" />
            <Add directory="/adhome/q/qw/q.wendling/Projet_CPOA/ProjCPOA_Init/csg/../image" />
            <Add directory="/adhome/q/qw/q.wendling/Projet_CPOA/ProjCPOA_Init/csg/../vectorMatrix" />
            <Add directory="/usr/include" />
            <Add directory="/usr/include/c++/5" />
            <Add directory="/usr/include/c++/5/backward" />
            <Add directory="/usr/include/x86_64-linux-gnu" />
            <Add directory="/usr/include/x86_64-linux-gnu/c++/5" />
            <Add directory="/usr/lib/gcc/x86_64-linux-gnu/5/include" />
            <Add directory="/usr/lib/gcc/x86_64-linux-gnu/5/include-fixed" />
            <Add directory="/usr/local/include" />
         </Compiler>
         <MakeCommands>
            <Build command="/usr/bin/make -f &quot;/adhome/q/qw/q.wendling/Projet_CPOA/ProjCPOA_Init-build/csg/Makefile&quot;  VERBOSE=1 csg/fast" />
            <CompileFile command="/usr/bin/make -f &quot;/adhome/q/qw/q.wendling/Projet_CPOA/ProjCPOA_Init-build/csg/Makefile&quot;  VERBOSE=1 &quot;$file&quot;" />
            <Clean command="/usr/bin/make -f &quot;/adhome/q/qw/q.wendling/Projet_CPOA/ProjCPOA_Init-build/csg/Makefile&quot;  VERBOSE=1 clean" />
            <DistClean command="/usr/bin/make -f &quot;/adhome/q/qw/q.wendling/Projet_CPOA/ProjCPOA_Init-build/csg/Makefile&quot;  VERBOSE=1 clean" />
         </MakeCommands>
      </Target>
      </Build>
      <Unit filename="/adhome/q/qw/q.wendling/Projet_CPOA/ProjCPOA_Init/csg/csgNode.cpp">
         <Option target="main"/>
         <Option target="csg"/>
      </Unit>
      <Unit filename="/adhome/q/qw/q.wendling/Projet_CPOA/ProjCPOA_Init/csg/csgNode.h">
         <Option target="csg"/>
      </Unit>
      <Unit filename="/adhome/q/qw/q.wendling/Projet_CPOA/ProjCPOA_Init/csg/csgPrimitive.cpp">
         <Option target="main"/>
         <Option target="csg"/>
      </Unit>
      <Unit filename="/adhome/q/qw/q.wendling/Projet_CPOA/ProjCPOA_Init/csg/csgPrimitive.h">
         <Option target="csg"/>
      </Unit>
      <Unit filename="/adhome/q/qw/q.wendling/Projet_CPOA/ProjCPOA_Init/csg/main.cpp">
         <Option target="main"/>
         <Option target="csg"/>
      </Unit>
      <Unit filename="/adhome/q/qw/q.wendling/Projet_CPOA/ProjCPOA_Init/CMakeLists.txt">
          <Option virtualFolder="CMake Files\" />
      </Unit>
      <Unit filename="/adhome/q/qw/q.wendling/Projet_CPOA/ProjCPOA_Init/InterfaceCSG/CMakeLists.txt">
          <Option virtualFolder="CMake Files\InterfaceCSG\" />
      </Unit>
      <Unit filename="/adhome/q/qw/q.wendling/Projet_CPOA/ProjCPOA_Init/InterfaceCSG/CMakeLists.txt">
          <Option virtualFolder="CMake Files\InterfaceCSG\" />
      </Unit>
      <Unit filename="/adhome/q/qw/q.wendling/Projet_CPOA/ProjCPOA_Init/../../../../../../usr/lib/x86_64-linux-gnu/cmake/Qt5Widgets/Qt5WidgetsConfigVersion.cmake">
          <Option virtualFolder="CMake Files\..\..\..\..\..\..\usr\lib\x86_64-linux-gnu\cmake\Qt5Widgets\" />
      </Unit>
      <Unit filename="/adhome/q/qw/q.wendling/Projet_CPOA/ProjCPOA_Init/../../../../../../usr/lib/x86_64-linux-gnu/cmake/Qt5Widgets/Qt5WidgetsConfig.cmake">
          <Option virtualFolder="CMake Files\..\..\..\..\..\..\usr\lib\x86_64-linux-gnu\cmake\Qt5Widgets\" />
      </Unit>
      <Unit filename="/adhome/q/qw/q.wendling/Projet_CPOA/ProjCPOA_Init/../../../../../../usr/lib/x86_64-linux-gnu/cmake/Qt5Widgets/Qt5WidgetsConfigExtras.cmake">
          <Option virtualFolder="CMake Files\..\..\..\..\..\..\usr\lib\x86_64-linux-gnu\cmake\Qt5Widgets\" />
      </Unit>
      <Unit filename="/adhome/q/qw/q.wendling/Projet_CPOA/ProjCPOA_Init/../../../../../../usr/lib/x86_64-linux-gnu/cmake/Qt5Widgets/Qt5WidgetsMacros.cmake">
          <Option virtualFolder="CMake Files\..\..\..\..\..\..\usr\lib\x86_64-linux-gnu\cmake\Qt5Widgets\" />
      </Unit>
      <Unit filename="/adhome/q/qw/q.wendling/Projet_CPOA/ProjCPOA_Init/../../../../../../usr/lib/x86_64-linux-gnu/cmake/Qt5Widgets/Qt5WidgetsConfigVersion.cmake">
          <Option virtualFolder="CMake Files\..\..\..\..\..\..\usr\lib\x86_64-linux-gnu\cmake\Qt5Widgets\" />
      </Unit>
      <Unit filename="/adhome/q/qw/q.wendling/Projet_CPOA/ProjCPOA_Init/../../../../../../usr/lib/x86_64-linux-gnu/cmake/Qt5Widgets/Qt5WidgetsConfig.cmake">
          <Option virtualFolder="CMake Files\..\..\..\..\..\..\usr\lib\x86_64-linux-gnu\cmake\Qt5Widgets\" />
      </Unit>
      <Unit filename="/adhome/q/qw/q.wendling/Projet_CPOA/ProjCPOA_Init/../../../../../../usr/lib/x86_64-linux-gnu/cmake/Qt5Widgets/Qt5WidgetsConfigExtras.cmake">
          <Option virtualFolder="CMake Files\..\..\..\..\..\..\usr\lib\x86_64-linux-gnu\cmake\Qt5Widgets\" />
      </Unit>
      <Unit filename="/adhome/q/qw/q.wendling/Projet_CPOA/ProjCPOA_Init/../../../../../../usr/lib/x86_64-linux-gnu/cmake/Qt5Widgets/Qt5WidgetsMacros.cmake">
          <Option virtualFolder="CMake Files\..\..\..\..\..\..\usr\lib\x86_64-linux-gnu\cmake\Qt5Widgets\" />
      </Unit>
      <Unit filename="/adhome/q/qw/q.wendling/Projet_CPOA/ProjCPOA_Init/../../../../../../usr/lib/x86_64-linux-gnu/cmake/Qt5Gui/Qt5GuiConfigVersion.cmake">
          <Option virtualFolder="CMake Files\..\..\..\..\..\..\usr\lib\x86_64-linux-gnu\cmake\Qt5Gui\" />
      </Unit>
      <Unit filename="/adhome/q/qw/q.wendling/Projet_CPOA/ProjCPOA_Init/../../../../../../usr/lib/x86_64-linux-gnu/cmake/Qt5Gui/Qt5GuiConfig.cmake">
          <Option virtualFolder="CMake Files\..\..\..\..\..\..\usr\lib\x86_64-linux-gnu\cmake\Qt5Gui\" />
      </Unit>
      <Unit filename="/adhome/q/qw/q.wendling/Projet_CPOA/ProjCPOA_Init/../../../../../../usr/lib/x86_64-linux-gnu/cmake/Qt5Gui/Qt5GuiConfigExtras.cmake">
          <Option virtualFolder="CMake Files\..\..\..\..\..\..\usr\lib\x86_64-linux-gnu\cmake\Qt5Gui\" />
      </Unit>
      <Unit filename="/adhome/q/qw/q.wendling/Projet_CPOA/ProjCPOA_Init/../../../../../../usr/lib/x86_64-linux-gnu/cmake/Qt5Gui/Qt5GuiConfigVersion.cmake">
          <Option virtualFolder="CMake Files\..\..\..\..\..\..\usr\lib\x86_64-linux-gnu\cmake\Qt5Gui\" />
      </Unit>
      <Unit filename="/adhome/q/qw/q.wendling/Projet_CPOA/ProjCPOA_Init/../../../../../../usr/lib/x86_64-linux-gnu/cmake/Qt5Gui/Qt5GuiConfig.cmake">
          <Option virtualFolder="CMake Files\..\..\..\..\..\..\usr\lib\x86_64-linux-gnu\cmake\Qt5Gui\" />
      </Unit>
      <Unit filename="/adhome/q/qw/q.wendling/Projet_CPOA/ProjCPOA_Init/../../../../../../usr/lib/x86_64-linux-gnu/cmake/Qt5Gui/Qt5GuiConfigExtras.cmake">
          <Option virtualFolder="CMake Files\..\..\..\..\..\..\usr\lib\x86_64-linux-gnu\cmake\Qt5Gui\" />
      </Unit>
      <Unit filename="/adhome/q/qw/q.wendling/Projet_CPOA/ProjCPOA_Init/../../../../../../usr/lib/x86_64-linux-gnu/cmake/Qt5Core/Qt5CoreConfigVersion.cmake">
          <Option virtualFolder="CMake Files\..\..\..\..\..\..\usr\lib\x86_64-linux-gnu\cmake\Qt5Core\" />
      </Unit>
      <Unit filename="/adhome/q/qw/q.wendling/Projet_CPOA/ProjCPOA_Init/../../../../../../usr/lib/x86_64-linux-gnu/cmake/Qt5Core/Qt5CoreConfig.cmake">
          <Option virtualFolder="CMake Files\..\..\..\..\..\..\usr\lib\x86_64-linux-gnu\cmake\Qt5Core\" />
      </Unit>
      <Unit filename="/adhome/q/qw/q.wendling/Projet_CPOA/ProjCPOA_Init/../../../../../../usr/lib/x86_64-linux-gnu/cmake/Qt5Core/Qt5CoreConfigExtras.cmake">
          <Option virtualFolder="CMake Files\..\..\..\..\..\..\usr\lib\x86_64-linux-gnu\cmake\Qt5Core\" />
      </Unit>
      <Unit filename="/adhome/q/qw/q.wendling/Projet_CPOA/ProjCPOA_Init/../../../../../../usr/lib/x86_64-linux-gnu/cmake/Qt5Core/Qt5CoreConfigExtrasMkspecDir.cmake">
          <Option virtualFolder="CMake Files\..\..\..\..\..\..\usr\lib\x86_64-linux-gnu\cmake\Qt5Core\" />
      </Unit>
      <Unit filename="/adhome/q/qw/q.wendling/Projet_CPOA/ProjCPOA_Init/../../../../../../usr/lib/x86_64-linux-gnu/cmake/Qt5Core/Qt5CoreMacros.cmake">
          <Option virtualFolder="CMake Files\..\..\..\..\..\..\usr\lib\x86_64-linux-gnu\cmake\Qt5Core\" />
      </Unit>
      <Unit filename="/adhome/q/qw/q.wendling/Projet_CPOA/ProjCPOA_Init/../../../../../../usr/lib/x86_64-linux-gnu/cmake/Qt5Core/Qt5CoreConfigVersion.cmake">
          <Option virtualFolder="CMake Files\..\..\..\..\..\..\usr\lib\x86_64-linux-gnu\cmake\Qt5Core\" />
      </Unit>
      <Unit filename="/adhome/q/qw/q.wendling/Projet_CPOA/ProjCPOA_Init/../../../../../../usr/lib/x86_64-linux-gnu/cmake/Qt5Core/Qt5CoreConfig.cmake">
          <Option virtualFolder="CMake Files\..\..\..\..\..\..\usr\lib\x86_64-linux-gnu\cmake\Qt5Core\" />
      </Unit>
      <Unit filename="/adhome/q/qw/q.wendling/Projet_CPOA/ProjCPOA_Init/../../../../../../usr/lib/x86_64-linux-gnu/cmake/Qt5Core/Qt5CoreConfigExtras.cmake">
          <Option virtualFolder="CMake Files\..\..\..\..\..\..\usr\lib\x86_64-linux-gnu\cmake\Qt5Core\" />
      </Unit>
      <Unit filename="/adhome/q/qw/q.wendling/Projet_CPOA/ProjCPOA_Init/../../../../../../usr/lib/x86_64-linux-gnu/cmake/Qt5Core/Qt5CoreConfigExtrasMkspecDir.cmake">
          <Option virtualFolder="CMake Files\..\..\..\..\..\..\usr\lib\x86_64-linux-gnu\cmake\Qt5Core\" />
      </Unit>
      <Unit filename="/adhome/q/qw/q.wendling/Projet_CPOA/ProjCPOA_Init/../../../../../../usr/lib/x86_64-linux-gnu/cmake/Qt5Core/Qt5CoreMacros.cmake">
          <Option virtualFolder="CMake Files\..\..\..\..\..\..\usr\lib\x86_64-linux-gnu\cmake\Qt5Core\" />
      </Unit>
      <Unit filename="/adhome/q/qw/q.wendling/Projet_CPOA/ProjCPOA_Init/../../../../../../usr/lib/x86_64-linux-gnu/cmake/Qt5OpenGL/Qt5OpenGLConfigVersion.cmake">
          <Option virtualFolder="CMake Files\..\..\..\..\..\..\usr\lib\x86_64-linux-gnu\cmake\Qt5OpenGL\" />
      </Unit>
      <Unit filename="/adhome/q/qw/q.wendling/Projet_CPOA/ProjCPOA_Init/../../../../../../usr/lib/x86_64-linux-gnu/cmake/Qt5OpenGL/Qt5OpenGLConfig.cmake">
          <Option virtualFolder="CMake Files\..\..\..\..\..\..\usr\lib\x86_64-linux-gnu\cmake\Qt5OpenGL\" />
      </Unit>
      <Unit filename="/adhome/q/qw/q.wendling/Projet_CPOA/ProjCPOA_Init/../../../../../../usr/lib/x86_64-linux-gnu/cmake/Qt5OpenGL/Qt5OpenGLConfigVersion.cmake">
          <Option virtualFolder="CMake Files\..\..\..\..\..\..\usr\lib\x86_64-linux-gnu\cmake\Qt5OpenGL\" />
      </Unit>
      <Unit filename="/adhome/q/qw/q.wendling/Projet_CPOA/ProjCPOA_Init/../../../../../../usr/lib/x86_64-linux-gnu/cmake/Qt5OpenGL/Qt5OpenGLConfig.cmake">
          <Option virtualFolder="CMake Files\..\..\..\..\..\..\usr\lib\x86_64-linux-gnu\cmake\Qt5OpenGL\" />
      </Unit>
      <Unit filename="/adhome/q/qw/q.wendling/Projet_CPOA/ProjCPOA_Init/vectorMatrix/CMakeLists.txt">
          <Option virtualFolder="CMake Files\vectorMatrix\" />
      </Unit>
      <Unit filename="/adhome/q/qw/q.wendling/Projet_CPOA/ProjCPOA_Init/vectorMatrix/CMakeLists.txt">
          <Option virtualFolder="CMake Files\vectorMatrix\" />
      </Unit>
      <Unit filename="/adhome/q/qw/q.wendling/Projet_CPOA/ProjCPOA_Init/vectorMatrix/tests/CMakeLists.txt">
          <Option virtualFolder="CMake Files\vectorMatrix\tests\" />
      </Unit>
      <Unit filename="/adhome/q/qw/q.wendling/Projet_CPOA/ProjCPOA_Init/vectorMatrix/tests/CMakeLists.txt">
          <Option virtualFolder="CMake Files\vectorMatrix\tests\" />
      </Unit>
      <Unit filename="/adhome/q/qw/q.wendling/Projet_CPOA/ProjCPOA_Init/vectorMatrix/tests/CMakeLists.txt">
          <Option virtualFolder="CMake Files\vectorMatrix\tests\" />
      </Unit>
      <Unit filename="/adhome/q/qw/q.wendling/Projet_CPOA/ProjCPOA_Init/csg/CMakeLists.txt">
          <Option virtualFolder="CMake Files\csg\" />
      </Unit>
      <Unit filename="/adhome/q/qw/q.wendling/Projet_CPOA/ProjCPOA_Init/csg/CMakeLists.txt">
          <Option virtualFolder="CMake Files\csg\" />
      </Unit>
   </Project>
</CodeBlocks_project_file>
